
Microsoft Visual Studio Solution File, Format Version 12.00
Project("{FAE04EC0-301F-11D3-BF4B-00C04F79EFBC}") = "ProductService.Api", "ProductService.Api\ProductService.Api.csproj", "{9E539F16-CD31-49EA-8A2D-D256FD685284}"
EndProject
Project("{FAE04EC0-301F-11D3-BF4B-00C04F79EFBC}") = "ProductService", "ProductService\ProductService.csproj", "{887B5197-C7AA-4891-ADEE-93726C9B2846}"
EndProject
Global
	GlobalSection(SolutionConfigurationPlatforms) = preSolution
		Debug|Any CPU = Debug|Any CPU
		Release|Any CPU = Release|Any CPU
	EndGlobalSection
	GlobalSection(ProjectConfigurationPlatforms) = postSolution
		{9E539F16-CD31-49EA-8A2D-D256FD685284}.Debug|Any CPU.ActiveCfg = Debug|Any CPU
		{9E539F16-CD31-49EA-8A2D-D256FD685284}.Debug|Any CPU.Build.0 = Debug|Any CPU
		{9E539F16-CD31-49EA-8A2D-D256FD685284}.Release|Any CPU.ActiveCfg = Release|Any CPU
		{9E539F16-CD31-49EA-8A2D-D256FD685284}.Release|Any CPU.Build.0 = Release|Any CPU
		{887B5197-C7AA-4891-ADEE-93726C9B2846}.Debug|Any CPU.ActiveCfg = Debug|Any CPU
		{887B5197-C7AA-4891-ADEE-93726C9B2846}.Debug|Any CPU.Build.0 = Debug|Any CPU
		{887B5197-C7AA-4891-ADEE-93726C9B2846}.Release|Any CPU.ActiveCfg = Release|Any CPU
		{887B5197-C7AA-4891-ADEE-93726C9B2846}.Release|Any CPU.Build.0 = Release|Any CPU
	EndGlobalSection
EndGlobal
